# generated by rye
# use `rye lock` or `rye sync` to update this lockfile
#
# last locked with the following flags:
#   pre: false
#   features: []
#   all-features: false
#   with-sources: false
#   generate-hashes: false

appium-python-client==0.52
certifi==2024.12.14
    # via requests
charset-normalizer==3.4.0
    # via requests
eyes-selenium==3.15.3
idna==3.10
    # via requests
iniconfig==2.0.0
    # via pytest
packaging==24.2
    # via pytest
pillow==11.1.0
    # via eyes-selenium
pluggy==1.5.0
    # via pytest
pytest==8.3.4
requests==2.32.3
    # via eyes-selenium
selenium==3.141.0
    # via appium-python-client
    # via eyes-selenium
tinycss2==1.4.0
    # via eyes-selenium
urllib3==2.2.3
    # via requests
    # via selenium
webencodings==0.5.1
    # via tinycss2
